# xccode version pins (XC-CODE-001 §11). Filled by the release process: a component with an
# empty version, or an empty required checksum/digest, fails `xccode.versions.validate` and cannot
# be shipped, installed, or upgraded to. Never hand-edit the checksums; record them from the release.

[opencode]
version = ""
sha256 = ""

[omniroute]
version = "23a11484862b3bb589a55e85b00e4ac53ffeb234"

[openagentscontrol]
version = ""
commit = "37ca233fa5597a5abb90cba73165deafffe0344f"

[gitleaks]
version = ""
sha256 = ""

[hermes]
version = "v2026.9.24"

[openviking]
version = "0.4.23"

[tei]
version = "v1.9.4"

[dsh]
version = "0.2.0-rc.2"

[debian_image]
version = ""
sha256 = ""
